
Microsoft Visual Studio Solution File, Format Version 11.00
# Visual Studio 2010
Project("{8BC9CEB8-8B4A-11D0-8D11-00A0C91BC942}") = "QmlExtension", "QmlExtension\QmlExtension.vcxproj", "{1E2097B0-52DC-4F2C-9783-67DF96BBA73A}"
EndProject
Project("{2150E333-8FDC-42A3-9474-1A3956D46DE8}") = "Solution Items", "Solution Items", "{2603226D-B03A-41B7-8BFD-03ACE8BC9745}"
	ProjectSection(SolutionItems) = preProject
		Deploy.props = Deploy.props
	EndProjectSection
EndProject
Global
	GlobalSection(SolutionConfigurationPlatforms) = preSolution
		Debug|Win32 = Debug|Win32
		Release|Win32 = Release|Win32
	EndGlobalSection
	GlobalSection(ProjectConfigurationPlatforms) = postSolution
		{1E2097B0-52DC-4F2C-9783-67DF96BBA73A}.Debug|Win32.ActiveCfg = Debug|Win32
		{1E2097B0-52DC-4F2C-9783-67DF96BBA73A}.Debug|Win32.Build.0 = Debug|Win32
		{1E2097B0-52DC-4F2C-9783-67DF96BBA73A}.Release|Win32.ActiveCfg = Release|Win32
		{1E2097B0-52DC-4F2C-9783-67DF96BBA73A}.Release|Win32.Build.0 = Release|Win32
	EndGlobalSection
	GlobalSection(SolutionProperties) = preSolution
		HideSolutionNode = FALSE
	EndGlobalSection
<<<<<<< HEAD
<<<<<<< HEAD
	GlobalSection(NestedProjects) = preSolution
		{1E2097B0-52DC-4F2C-9783-67DF96BBA73A} = {2603226D-B03A-41B7-8BFD-03ACE8BC9745}
=======
	GlobalSection(ExtensibilityGlobals) = postSolution
		Qt5Version = $(DefaultQtVersion)
>>>>>>> 10e6b27... QGNA-0 Qt5 support
	EndGlobalSection
=======
>>>>>>> 37f521a... QGNA-448 Qt5
EndGlobal
